# This file was autogenerated by uv via the following command:
#    uv pip compile pyproject.toml --extra dev --extra billing --extra llm -o requirements.lock
aiohappyeyeballs==2.7.1
    # via aiohttp
aiohttp==3.14.3
    # via litellm
aiosignal==1.4.0
    # via aiohttp
alembic==1.19.2
    # via unlockaid (pyproject.toml)
annotated-doc==0.0.5
    # via fastapi
annotated-types==0.8.0
    # via pydantic
anyio==4.15.1
    # via
    #   httpx
    #   openai
    #   starlette
apscheduler==3.11.3
    # via unlockaid (pyproject.toml)
ast-serialize==0.11.0
    # via mypy
attrs==26.1.0
    # via
    #   aiohttp
    #   jsonschema
    #   referencing
boto3==1.43.90
    # via litellm
botocore==1.43.90
    # via
    #   boto3
    #   s3transfer
certifi==2026.7.22
    # via
    #   httpcore
    #   httpx
    #   requests
charset-normalizer==3.5.1
    # via requests
click==8.5.0
    # via
    #   huggingface-hub
    #   litellm
    #   uvicorn
coverage==7.16.0
    # via unlockaid (pyproject.toml)
deprecated==1.3.1
    # via limits
dill==0.4.1
    # via unlockaid (pyproject.toml)
distro==1.9.0
    # via openai
fastapi==0.141.1
    # via unlockaid (pyproject.toml)
fastuuid==0.14.0
    # via litellm
filelock==3.32.6
    # via huggingface-hub
frozenlist==1.8.0
    # via
    #   aiohttp
    #   aiosignal
fsspec==2026.7.0
    # via huggingface-hub
greenlet==3.5.5
    # via sqlalchemy
h11==0.16.0
    # via
    #   httpcore
    #   uvicorn
hf-xet==1.6.0
    # via huggingface-hub
httpcore==1.0.9
    # via httpx
httpx==0.28.1
    # via
    #   huggingface-hub
    #   litellm
    #   openai
huggingface-hub==1.30.0
    # via tokenizers
idna==3.19
    # via
    #   anyio
    #   httpx
    #   requests
    #   yarl
importlib-metadata==8.9.0
    # via litellm
iniconfig==2.3.0
    # via pytest
jinja2==3.1.6
    # via
    #   unlockaid (pyproject.toml)
    #   litellm
jiter==0.16.0
    # via openai
jmespath==1.1.0
    # via
    #   boto3
    #   botocore
jsonschema==4.26.0
    # via litellm
jsonschema-specifications==2025.9.1
    # via jsonschema
librt==0.15.0
    # via mypy
lightgbm==4.7.0
    # via unlockaid (pyproject.toml)
limits==5.8.0
    # via slowapi
litellm==1.100.0
    # via unlockaid (pyproject.toml)
mako==1.4.1
    # via alembic
markupsafe==3.0.3
    # via
    #   jinja2
    #   mako
multidict==6.8.0
    # via
    #   aiohttp
    #   yarl
mypy==2.3.1
    # via unlockaid (pyproject.toml)
mypy-extensions==1.1.0
    # via mypy
narwhals==2.26.0
    # via lightgbm
numpy==1.26.4
    # via
    #   unlockaid (pyproject.toml)
    #   lightgbm
    #   pandas
    #   scipy
openai==2.54.0
    # via litellm
packaging==26.3
    # via
    #   huggingface-hub
    #   limits
    #   pytest
pandas==2.3.3
    # via unlockaid (pyproject.toml)
pathspec==1.1.1
    # via mypy
pluggy==1.6.0
    # via pytest
propcache==0.5.2
    # via
    #   aiohttp
    #   yarl
pydantic==2.13.5
    # via
    #   fastapi
    #   litellm
    #   openai
    #   pydantic-settings
pydantic-core==2.46.5
    # via pydantic
pydantic-settings==2.15.0
    # via litellm
pygments==2.21.0
    # via pytest
pytest==9.1.1
    # via
    #   unlockaid (pyproject.toml)
    #   pytest-timeout
pytest-timeout==2.4.0
    # via unlockaid (pyproject.toml)
python-dateutil==2.9.0.post0
    # via
    #   botocore
    #   pandas
python-dotenv==1.2.3
    # via
    #   unlockaid (pyproject.toml)
    #   litellm
    #   pydantic-settings
pytz==2026.3.post1
    # via pandas
pyyaml==6.0.3
    # via
    #   unlockaid (pyproject.toml)
    #   huggingface-hub
referencing==0.37.0
    # via
    #   jsonschema
    #   jsonschema-specifications
regex==2026.9.3
    # via tiktoken
requests==2.34.2
    # via
    #   unlockaid (pyproject.toml)
    #   stripe
    #   tiktoken
rpds-py==2026.6.3
    # via
    #   jsonschema
    #   referencing
ruff==0.16.6
    # via unlockaid (pyproject.toml)
s3transfer==0.19.2
    # via boto3
scipy==1.17.1
    # via lightgbm
six==1.17.0
    # via python-dateutil
slowapi==0.1.10
    # via unlockaid (pyproject.toml)
sniffio==1.3.1
    # via openai
sqlalchemy==2.0.52
    # via
    #   unlockaid (pyproject.toml)
    #   alembic
starlette==1.6.0
    # via fastapi
stripe==15.6.1
    # via unlockaid (pyproject.toml)
tiktoken==0.14.0
    # via litellm
tokenizers==0.23.2
    # via litellm
tqdm==4.70.0
    # via
    #   huggingface-hub
    #   openai
typing-extensions==4.16.0
    # via
    #   aiohttp
    #   aiosignal
    #   alembic
    #   anyio
    #   fastapi
    #   huggingface-hub
    #   limits
    #   mypy
    #   openai
    #   pydantic
    #   pydantic-core
    #   referencing
    #   sqlalchemy
    #   starlette
    #   stripe
    #   typing-inspection
typing-inspection==0.4.4
    # via
    #   fastapi
    #   pydantic
    #   pydantic-settings
tzdata==2026.3
    # via pandas
tzlocal==5.4.4
    # via apscheduler
urllib3==2.7.0
    # via
    #   botocore
    #   requests
uvicorn==0.52.4
    # via unlockaid (pyproject.toml)
wrapt==2.4.0
    # via deprecated
yarl==1.24.5
    # via aiohttp
zipp==4.1.0
    # via importlib-metadata
